<?xml version="1.0" encoding="UTF-8"?>
<CodeBlocks_project_file>
	<FileVersion major="1" minor="6"/>
	<Project>
		<Option title="apptics"/>
		<Option makefile_is_custom="1"/>
		<Option compiler="gcc"/>
		<Option virtualFolders="CMake Files\;"/>
		<Build>
			<Target title="all">
				<Option working_dir="/home/yusuf/Documents/workspace/OKATEM_PRIVATE/build-apptics-Arm_Linux-Debug"/>
				<Option type="4"/>
				<MakeCommands>
					<Build command="/usr/bin/make -j8 -f &quot;/home/yusuf/Documents/workspace/OKATEM_PRIVATE/build-apptics-Arm_Linux-Debug/Makefile&quot;  VERBOSE=1 all"/>
					<CompileFile command="/usr/bin/make -j8 -f &quot;/home/yusuf/Documents/workspace/OKATEM_PRIVATE/build-apptics-Arm_Linux-Debug/Makefile&quot;  VERBOSE=1 &quot;$file&quot;"/>
					<Clean command="/usr/bin/make -j8 -f &quot;/home/yusuf/Documents/workspace/OKATEM_PRIVATE/build-apptics-Arm_Linux-Debug/Makefile&quot;  VERBOSE=1 clean"/>
					<DistClean command="/usr/bin/make -j8 -f &quot;/home/yusuf/Documents/workspace/OKATEM_PRIVATE/build-apptics-Arm_Linux-Debug/Makefile&quot;  VERBOSE=1 clean"/>
				</MakeCommands>
			</Target>
			<Target title="rebuild_cache">
				<Option working_dir="/home/yusuf/Documents/workspace/OKATEM_PRIVATE/build-apptics-Arm_Linux-Debug"/>
				<Option type="4"/>
				<MakeCommands>
					<Build command="/usr/bin/make -j8 -f &quot;/home/yusuf/Documents/workspace/OKATEM_PRIVATE/build-apptics-Arm_Linux-Debug/Makefile&quot;  VERBOSE=1 rebuild_cache"/>
					<CompileFile command="/usr/bin/make -j8 -f &quot;/home/yusuf/Documents/workspace/OKATEM_PRIVATE/build-apptics-Arm_Linux-Debug/Makefile&quot;  VERBOSE=1 &quot;$file&quot;"/>
					<Clean command="/usr/bin/make -j8 -f &quot;/home/yusuf/Documents/workspace/OKATEM_PRIVATE/build-apptics-Arm_Linux-Debug/Makefile&quot;  VERBOSE=1 clean"/>
					<DistClean command="/usr/bin/make -j8 -f &quot;/home/yusuf/Documents/workspace/OKATEM_PRIVATE/build-apptics-Arm_Linux-Debug/Makefile&quot;  VERBOSE=1 clean"/>
				</MakeCommands>
			</Target>
			<Target title="apptics">
				<Option output="/home/yusuf/Documents/workspace/OKATEM_PRIVATE/build-apptics-Arm_Linux-Debug/apptics" prefix_auto="0" extension_auto="0"/>
				<Option working_dir="/home/yusuf/Documents/workspace/OKATEM_PRIVATE/build-apptics-Arm_Linux-Debug"/>
				<Option object_output="./"/>
				<Option type="1"/>
				<Option compiler="gcc"/>
				<Compiler>
					<Add directory="/home/yusuf/Documents/workspace/OKATEM_PRIVATE/apptics/./src"/>
					<Add directory="/usr/arm-linux-gnueabihf/include"/>
					<Add directory="/usr/lib/gcc-cross/arm-linux-gnueabihf/8/../../../../arm-linux-gnueabihf/include/c++/8"/>
					<Add directory="/usr/lib/gcc-cross/arm-linux-gnueabihf/8/../../../../arm-linux-gnueabihf/include/c++/8/arm-linux-gnueabihf/."/>
					<Add directory="/usr/lib/gcc-cross/arm-linux-gnueabihf/8/../../../../arm-linux-gnueabihf/include/c++/8/backward"/>
					<Add directory="/usr/lib/gcc-cross/arm-linux-gnueabihf/8/include"/>
					<Add directory="/usr/lib/gcc-cross/arm-linux-gnueabihf/8/include-fixed"/>
					<Add directory="/usr/lib/gcc-cross/arm-linux-gnueabihf/8/../../../../arm-linux-gnueabihf/include"/>
					<Add directory="/usr/include"/>
				</Compiler>
				<MakeCommands>
					<Build command="/usr/bin/make -j8 -f &quot;/home/yusuf/Documents/workspace/OKATEM_PRIVATE/build-apptics-Arm_Linux-Debug/Makefile&quot;  VERBOSE=1 apptics"/>
					<CompileFile command="/usr/bin/make -j8 -f &quot;/home/yusuf/Documents/workspace/OKATEM_PRIVATE/build-apptics-Arm_Linux-Debug/Makefile&quot;  VERBOSE=1 &quot;$file&quot;"/>
					<Clean command="/usr/bin/make -j8 -f &quot;/home/yusuf/Documents/workspace/OKATEM_PRIVATE/build-apptics-Arm_Linux-Debug/Makefile&quot;  VERBOSE=1 clean"/>
					<DistClean command="/usr/bin/make -j8 -f &quot;/home/yusuf/Documents/workspace/OKATEM_PRIVATE/build-apptics-Arm_Linux-Debug/Makefile&quot;  VERBOSE=1 clean"/>
				</MakeCommands>
			</Target>
			<Target title="apptics/fast">
				<Option output="/home/yusuf/Documents/workspace/OKATEM_PRIVATE/build-apptics-Arm_Linux-Debug/apptics" prefix_auto="0" extension_auto="0"/>
				<Option working_dir="/home/yusuf/Documents/workspace/OKATEM_PRIVATE/build-apptics-Arm_Linux-Debug"/>
				<Option object_output="./"/>
				<Option type="1"/>
				<Option compiler="gcc"/>
				<Compiler>
					<Add directory="/home/yusuf/Documents/workspace/OKATEM_PRIVATE/apptics/./src"/>
					<Add directory="/usr/arm-linux-gnueabihf/include"/>
					<Add directory="/usr/lib/gcc-cross/arm-linux-gnueabihf/8/../../../../arm-linux-gnueabihf/include/c++/8"/>
					<Add directory="/usr/lib/gcc-cross/arm-linux-gnueabihf/8/../../../../arm-linux-gnueabihf/include/c++/8/arm-linux-gnueabihf/."/>
					<Add directory="/usr/lib/gcc-cross/arm-linux-gnueabihf/8/../../../../arm-linux-gnueabihf/include/c++/8/backward"/>
					<Add directory="/usr/lib/gcc-cross/arm-linux-gnueabihf/8/include"/>
					<Add directory="/usr/lib/gcc-cross/arm-linux-gnueabihf/8/include-fixed"/>
					<Add directory="/usr/lib/gcc-cross/arm-linux-gnueabihf/8/../../../../arm-linux-gnueabihf/include"/>
					<Add directory="/usr/include"/>
				</Compiler>
				<MakeCommands>
					<Build command="/usr/bin/make -j8 -f &quot;/home/yusuf/Documents/workspace/OKATEM_PRIVATE/build-apptics-Arm_Linux-Debug/Makefile&quot;  VERBOSE=1 apptics/fast"/>
					<CompileFile command="/usr/bin/make -j8 -f &quot;/home/yusuf/Documents/workspace/OKATEM_PRIVATE/build-apptics-Arm_Linux-Debug/Makefile&quot;  VERBOSE=1 &quot;$file&quot;"/>
					<Clean command="/usr/bin/make -j8 -f &quot;/home/yusuf/Documents/workspace/OKATEM_PRIVATE/build-apptics-Arm_Linux-Debug/Makefile&quot;  VERBOSE=1 clean"/>
					<DistClean command="/usr/bin/make -j8 -f &quot;/home/yusuf/Documents/workspace/OKATEM_PRIVATE/build-apptics-Arm_Linux-Debug/Makefile&quot;  VERBOSE=1 clean"/>
				</MakeCommands>
			</Target>
			<Target title="edit_cache">
				<Option working_dir="/home/yusuf/Documents/workspace/OKATEM_PRIVATE/build-apptics-Arm_Linux-Debug"/>
				<Option type="4"/>
				<MakeCommands>
					<Build command="/usr/bin/make -j8 -f &quot;/home/yusuf/Documents/workspace/OKATEM_PRIVATE/build-apptics-Arm_Linux-Debug/Makefile&quot;  VERBOSE=1 edit_cache"/>
					<CompileFile command="/usr/bin/make -j8 -f &quot;/home/yusuf/Documents/workspace/OKATEM_PRIVATE/build-apptics-Arm_Linux-Debug/Makefile&quot;  VERBOSE=1 &quot;$file&quot;"/>
					<Clean command="/usr/bin/make -j8 -f &quot;/home/yusuf/Documents/workspace/OKATEM_PRIVATE/build-apptics-Arm_Linux-Debug/Makefile&quot;  VERBOSE=1 clean"/>
					<DistClean command="/usr/bin/make -j8 -f &quot;/home/yusuf/Documents/workspace/OKATEM_PRIVATE/build-apptics-Arm_Linux-Debug/Makefile&quot;  VERBOSE=1 clean"/>
				</MakeCommands>
			</Target>
		</Build>
		<Unit filename="/home/yusuf/Documents/workspace/OKATEM_PRIVATE/apptics/main.cpp">
			<Option target="apptics"/>
		</Unit>
		<Unit filename="/home/yusuf/Documents/workspace/OKATEM_PRIVATE/apptics/src/cameradriver.cpp">
			<Option target="apptics"/>
		</Unit>
		<Unit filename="/home/yusuf/Documents/workspace/OKATEM_PRIVATE/apptics/src/cameradriver.h">
			<Option target="apptics"/>
		</Unit>
		<Unit filename="/home/yusuf/Documents/workspace/OKATEM_PRIVATE/apptics/src/datatypes.h">
			<Option target="apptics"/>
		</Unit>
		<Unit filename="/home/yusuf/Documents/workspace/OKATEM_PRIVATE/apptics/src/driverinterface.cpp">
			<Option target="apptics"/>
		</Unit>
		<Unit filename="/home/yusuf/Documents/workspace/OKATEM_PRIVATE/apptics/src/driverinterface.h">
			<Option target="apptics"/>
		</Unit>
		<Unit filename="/home/yusuf/Documents/workspace/OKATEM_PRIVATE/apptics/src/environmentinterface.cpp">
			<Option target="apptics"/>
		</Unit>
		<Unit filename="/home/yusuf/Documents/workspace/OKATEM_PRIVATE/apptics/src/environmentinterface.h">
			<Option target="apptics"/>
		</Unit>
		<Unit filename="/home/yusuf/Documents/workspace/OKATEM_PRIVATE/apptics/src/ethernetsocket.cpp">
			<Option target="apptics"/>
		</Unit>
		<Unit filename="/home/yusuf/Documents/workspace/OKATEM_PRIVATE/apptics/src/ethernetsocket.h">
			<Option target="apptics"/>
		</Unit>
		<Unit filename="/home/yusuf/Documents/workspace/OKATEM_PRIVATE/apptics/src/globals.cpp">
			<Option target="apptics"/>
		</Unit>
		<Unit filename="/home/yusuf/Documents/workspace/OKATEM_PRIVATE/apptics/src/globals.h">
			<Option target="apptics"/>
		</Unit>
		<Unit filename="/home/yusuf/Documents/workspace/OKATEM_PRIVATE/apptics/src/json.cpp">
			<Option target="apptics"/>
		</Unit>
		<Unit filename="/home/yusuf/Documents/workspace/OKATEM_PRIVATE/apptics/src/json.h">
			<Option target="apptics"/>
		</Unit>
		<Unit filename="/home/yusuf/Documents/workspace/OKATEM_PRIVATE/apptics/src/lasertracker.cpp">
			<Option target="apptics"/>
		</Unit>
		<Unit filename="/home/yusuf/Documents/workspace/OKATEM_PRIVATE/apptics/src/lasertracker.h">
			<Option target="apptics"/>
		</Unit>
		<Unit filename="/home/yusuf/Documents/workspace/OKATEM_PRIVATE/apptics/src/lcdhmi.cpp">
			<Option target="apptics"/>
		</Unit>
		<Unit filename="/home/yusuf/Documents/workspace/OKATEM_PRIVATE/apptics/src/lcdhmi.h">
			<Option target="apptics"/>
		</Unit>
		<Unit filename="/home/yusuf/Documents/workspace/OKATEM_PRIVATE/apptics/src/lorawan.cpp">
			<Option target="apptics"/>
		</Unit>
		<Unit filename="/home/yusuf/Documents/workspace/OKATEM_PRIVATE/apptics/src/lorawan.h">
			<Option target="apptics"/>
		</Unit>
		<Unit filename="/home/yusuf/Documents/workspace/OKATEM_PRIVATE/apptics/src/mainoperation.cpp">
			<Option target="apptics"/>
		</Unit>
		<Unit filename="/home/yusuf/Documents/workspace/OKATEM_PRIVATE/apptics/src/mainoperation.h">
			<Option target="apptics"/>
		</Unit>
		<Unit filename="/home/yusuf/Documents/workspace/OKATEM_PRIVATE/apptics/src/queue.cpp">
			<Option target="apptics"/>
		</Unit>
		<Unit filename="/home/yusuf/Documents/workspace/OKATEM_PRIVATE/apptics/src/queue.h">
			<Option target="apptics"/>
		</Unit>
		<Unit filename="/home/yusuf/Documents/workspace/OKATEM_PRIVATE/apptics/src/remotecontrolinterface.cpp">
			<Option target="apptics"/>
		</Unit>
		<Unit filename="/home/yusuf/Documents/workspace/OKATEM_PRIVATE/apptics/src/remotecontrolinterface.h">
			<Option target="apptics"/>
		</Unit>
		<Unit filename="/home/yusuf/Documents/workspace/OKATEM_PRIVATE/apptics/src/routingtable.cpp">
			<Option target="apptics"/>
		</Unit>
		<Unit filename="/home/yusuf/Documents/workspace/OKATEM_PRIVATE/apptics/src/routingtable.h">
			<Option target="apptics"/>
		</Unit>
		<Unit filename="/home/yusuf/Documents/workspace/OKATEM_PRIVATE/apptics/src/serialcom.cpp">
			<Option target="apptics"/>
		</Unit>
		<Unit filename="/home/yusuf/Documents/workspace/OKATEM_PRIVATE/apptics/src/serialcom.h">
			<Option target="apptics"/>
		</Unit>
		<Unit filename="/home/yusuf/Documents/workspace/OKATEM_PRIVATE/apptics/src/sfpmonitor.cpp">
			<Option target="apptics"/>
		</Unit>
		<Unit filename="/home/yusuf/Documents/workspace/OKATEM_PRIVATE/apptics/src/sfpmonitor.h">
			<Option target="apptics"/>
		</Unit>
		<Unit filename="/home/yusuf/Documents/workspace/OKATEM_PRIVATE/apptics/src/spicom.cpp">
			<Option target="apptics"/>
		</Unit>
		<Unit filename="/home/yusuf/Documents/workspace/OKATEM_PRIVATE/apptics/src/spicom.h">
			<Option target="apptics"/>
		</Unit>
		<Unit filename="/home/yusuf/Documents/workspace/OKATEM_PRIVATE/apptics/src/stmdriver.cpp">
			<Option target="apptics"/>
		</Unit>
		<Unit filename="/home/yusuf/Documents/workspace/OKATEM_PRIVATE/apptics/src/stmdriver.h">
			<Option target="apptics"/>
		</Unit>
		<Unit filename="/home/yusuf/Documents/workspace/OKATEM_PRIVATE/apptics/src/udpsocket.cpp">
			<Option target="apptics"/>
		</Unit>
		<Unit filename="/home/yusuf/Documents/workspace/OKATEM_PRIVATE/apptics/src/udpsocket.h">
			<Option target="apptics"/>
		</Unit>
		<Unit filename="/home/yusuf/Documents/workspace/OKATEM_PRIVATE/apptics/src/v4l2ctrl.cpp">
			<Option target="apptics"/>
		</Unit>
		<Unit filename="/home/yusuf/Documents/workspace/OKATEM_PRIVATE/apptics/src/v4l2ctrl.h">
			<Option target="apptics"/>
		</Unit>
		<Unit filename="/home/yusuf/Documents/workspace/OKATEM_PRIVATE/apptics/CMakeLists.txt">
			<Option virtualFolder="CMake Files\"/>
		</Unit>
	</Project>
</CodeBlocks_project_file>
